<?xml version="1.0" encoding="utf-8"?>
<Project ToolsVersion="4.0" xmlns="http://schemas.microsoft.com/developer/msbuild/2003">
  <ItemGroup>
    <Filter Include="Source Files">
      <UniqueIdentifier>{4FC737F1-C7A5-4376-A066-2A32D752A2FF}</UniqueIdentifier>
      <Extensions>cpp;c;cc;cxx;def;odl;idl;hpj;bat;asm;asmx</Extensions>
    </Filter>
    <Filter Include="Header Files">
      <UniqueIdentifier>{93995380-89BD-4b04-88EB-625FBE52EBFB}</UniqueIdentifier>
      <Extensions>h;hh;hpp;hxx;hm;inl;inc;xsd</Extensions>
    </Filter>
    <Filter Include="Resource Files">
      <UniqueIdentifier>{67DA6AB6-F800-4c08-8B7A-83BB121AAD01}</UniqueIdentifier>
      <Extensions>qrc;rc;ico;cur;bmp;dlg;rc2;rct;bin;rgs;gif;jpg;jpeg;jpe;resx;tiff;tif;png;wav;mfcribbon-ms</Extensions>
    </Filter>
    <Filter Include="Translation Files">
      <UniqueIdentifier>{639EADAA-A684-42e4-A9AD-28FC9BCB8F7C}</UniqueIdentifier>
      <Extensions>ts</Extensions>
    </Filter>
    <Filter Include="头文件">
      <UniqueIdentifier>{01b04f91-643e-4bee-87d8-b7aeb8a52f96}</UniqueIdentifier>
    </Filter>
    <Filter Include="源文件">
      <UniqueIdentifier>{5c675ddf-4e0e-497d-a72e-8afe96713149}</UniqueIdentifier>
    </Filter>
  </ItemGroup>
  <ItemGroup>
    <ClCompile Include="main.cpp">
      <Filter>Source Files</Filter>
    </ClCompile>
    <ClCompile Include="FileName.cpp">
      <Filter>Source Files</Filter>
    </ClCompile>
    <ClCompile Include="source\CMediaEncode.cpp">
      <Filter>源文件</Filter>
    </ClCompile>
    <ClCompile Include="source\CRtmp.cpp">
      <Filter>源文件</Filter>
    </ClCompile>
    <ClCompile Include="source\XMediaEncode.cpp">
      <Filter>源文件</Filter>
    </ClCompile>
    <ClCompile Include="source\XRtmp.cpp">
      <Filter>源文件</Filter>
    </ClCompile>
    <ClCompile Include="CAudioRecord.cpp">
      <Filter>源文件</Filter>
    </ClCompile>
    <ClCompile Include="XAudioRecord.cpp">
      <Filter>源文件</Filter>
    </ClCompile>
    <ClCompile Include="CVicdoeRecord.cpp">
      <Filter>源文件</Filter>
    </ClCompile>
    <ClCompile Include="XVideoRecord.cpp">
      <Filter>源文件</Filter>
    </ClCompile>
    <ClCompile Include="XData.cpp">
      <Filter>Source Files</Filter>
    </ClCompile>
    <ClCompile Include="XDataThread.cpp">
      <Filter>Source Files</Filter>
    </ClCompile>
  </ItemGroup>
  <ItemGroup>
    <ClInclude Include="header\CMediaEncode.h">
      <Filter>头文件</Filter>
    </ClInclude>
    <ClInclude Include="header\CRtmp.h">
      <Filter>头文件</Filter>
    </ClInclude>
    <ClInclude Include="header\XMediaEncode.h">
      <Filter>头文件</Filter>
    </ClInclude>
    <ClInclude Include="header\XRtmp.h">
      <Filter>头文件</Filter>
    </ClInclude>
    <ClInclude Include="CAudioRecord.h">
      <Filter>头文件</Filter>
    </ClInclude>
    <ClInclude Include="XAudioRecord.h">
      <Filter>头文件</Filter>
    </ClInclude>
    <ClInclude Include="CVicdoeRecord.h">
      <Filter>头文件</Filter>
    </ClInclude>
    <ClInclude Include="XVideoRecord.h">
      <Filter>头文件</Filter>
    </ClInclude>
    <ClInclude Include="XData.h">
      <Filter>Header Files</Filter>
    </ClInclude>
    <ClInclude Include="XDataThread.h">
      <Filter>Header Files</Filter>
    </ClInclude>
  </ItemGroup>
</Project>