
Microsoft Visual Studio Solution File, Format Version 12.00
# Visual Studio Version 17
VisualStudioVersion = 17.5.33530.505
MinimumVisualStudioVersion = 10.0.40219.1
Project("{8BC9CEB8-8B4A-11D0-8D11-00A0C91BC942}") = "AudioRtmp", "AudioRtmp.vcxproj", "{1977702C-636D-491E-A3DA-620070A5DD57}"
EndProject
Global
	GlobalSection(SolutionConfigurationPlatforms) = preSolution
		Debug|x86 = Debug|x86
		Release|x86 = Release|x86
	EndGlobalSection
	GlobalSection(ProjectConfigurationPlatforms) = postSolution
		{1977702C-636D-491E-A3DA-620070A5DD57}.Debug|x86.ActiveCfg = Debug|Win32
		{1977702C-636D-491E-A3DA-620070A5DD57}.Debug|x86.Build.0 = Debug|Win32
		{1977702C-636D-491E-A3DA-620070A5DD57}.Release|x86.ActiveCfg = Release|Win32
		{1977702C-636D-491E-A3DA-620070A5DD57}.Release|x86.Build.0 = Release|Win32
	EndGlobalSection
	GlobalSection(SolutionProperties) = preSolution
		HideSolutionNode = FALSE
	EndGlobalSection
	GlobalSection(ExtensibilityGlobals) = postSolution
		SolutionGuid = {3E6FB5DF-F4A2-4628-8BE4-E4398F1C5553}
	EndGlobalSection
EndGlobal
